
Microsoft Visual Studio Solution File, Format Version 12.00
# Visual Studio Version 17
VisualStudioVersion = 17.6.33712.159
MinimumVisualStudioVersion = 10.0.40219.1
Project("{FAE04EC0-301F-11D3-BF4B-00C04F79EFBC}") = "educative-io-csharp", "educative-io-csharp\educative-io-csharp.csproj", "{878EF125-B156-4AF8-B3CD-D7AFE36DE07B}"
EndProject
Global
	GlobalSection(SolutionConfigurationPlatforms) = preSolution
		Debug|Any CPU = Debug|Any CPU
		Release|Any CPU = Release|Any CPU
	EndGlobalSection
	GlobalSection(ProjectConfigurationPlatforms) = postSolution
		{878EF125-B156-4AF8-B3CD-D7AFE36DE07B}.Debug|Any CPU.ActiveCfg = Debug|Any CPU
		{878EF125-B156-4AF8-B3CD-D7AFE36DE07B}.Debug|Any CPU.Build.0 = Debug|Any CPU
		{878EF125-B156-4AF8-B3CD-D7AFE36DE07B}.Release|Any CPU.ActiveCfg = Release|Any CPU
		{878EF125-B156-4AF8-B3CD-D7AFE36DE07B}.Release|Any CPU.Build.0 = Release|Any CPU
	EndGlobalSection
	GlobalSection(SolutionProperties) = preSolution
		HideSolutionNode = FALSE
	EndGlobalSection
	GlobalSection(ExtensibilityGlobals) = postSolution
		SolutionGuid = {784A79C7-9817-4EC5-8DB1-1E5B58FB8FFA}
	EndGlobalSection
EndGlobal
